
Microsoft Visual Studio Solution File, Format Version 12.00
# Visual Studio Version 16
VisualStudioVersion = 16.0.32126.315
MinimumVisualStudioVersion = 10.0.40219.1
Project("{9A19103F-16F7-4668-BE54-9A1E7A4F7556}") = "BulkyBook", "BulkyBook.csproj", "{2F5EFCC9-E723-42A3-9221-B89A6202CD25}"
EndProject
Project("{FAE04EC0-301F-11D3-BF4B-00C04F79EFBC}") = "BulkyBook.Models", "..\BulkyBook.Models\BulkyBook.Models.csproj", "{2A9783B2-F44A-4E58-8818-3B35B013D80A}"
EndProject
Project("{FAE04EC0-301F-11D3-BF4B-00C04F79EFBC}") = "BulkyBook.DataAccess", "..\BulkyBook.DataAccess\BulkyBook.DataAccess.csproj", "{D5C0A841-D7EA-4452-B170-353E6E0E4339}"
EndProject
Project("{FAE04EC0-301F-11D3-BF4B-00C04F79EFBC}") = "BulkyBook.Utility", "..\BulkyBook.Utility\BulkyBook.Utility.csproj", "{64026A64-CB49-4711-9F97-A09B5BE7CCB6}"
EndProject
Global
	GlobalSection(SolutionConfigurationPlatforms) = preSolution
		Debug|Any CPU = Debug|Any CPU
		Release|Any CPU = Release|Any CPU
	EndGlobalSection
	GlobalSection(ProjectConfigurationPlatforms) = postSolution
		{2F5EFCC9-E723-42A3-9221-B89A6202CD25}.Debug|Any CPU.ActiveCfg = Debug|Any CPU
		{2F5EFCC9-E723-42A3-9221-B89A6202CD25}.Debug|Any CPU.Build.0 = Debug|Any CPU
		{2F5EFCC9-E723-42A3-9221-B89A6202CD25}.Release|Any CPU.ActiveCfg = Release|Any CPU
		{2F5EFCC9-E723-42A3-9221-B89A6202CD25}.Release|Any CPU.Build.0 = Release|Any CPU
		{2A9783B2-F44A-4E58-8818-3B35B013D80A}.Debug|Any CPU.ActiveCfg = Debug|Any CPU
		{2A9783B2-F44A-4E58-8818-3B35B013D80A}.Debug|Any CPU.Build.0 = Debug|Any CPU
		{2A9783B2-F44A-4E58-8818-3B35B013D80A}.Release|Any CPU.ActiveCfg = Release|Any CPU
		{2A9783B2-F44A-4E58-8818-3B35B013D80A}.Release|Any CPU.Build.0 = Release|Any CPU
		{D5C0A841-D7EA-4452-B170-353E6E0E4339}.Debug|Any CPU.ActiveCfg = Debug|Any CPU
		{D5C0A841-D7EA-4452-B170-353E6E0E4339}.Debug|Any CPU.Build.0 = Debug|Any CPU
		{D5C0A841-D7EA-4452-B170-353E6E0E4339}.Release|Any CPU.ActiveCfg = Release|Any CPU
		{D5C0A841-D7EA-4452-B170-353E6E0E4339}.Release|Any CPU.Build.0 = Release|Any CPU
		{64026A64-CB49-4711-9F97-A09B5BE7CCB6}.Debug|Any CPU.ActiveCfg = Debug|Any CPU
		{64026A64-CB49-4711-9F97-A09B5BE7CCB6}.Debug|Any CPU.Build.0 = Debug|Any CPU
		{64026A64-CB49-4711-9F97-A09B5BE7CCB6}.Release|Any CPU.ActiveCfg = Release|Any CPU
		{64026A64-CB49-4711-9F97-A09B5BE7CCB6}.Release|Any CPU.Build.0 = Release|Any CPU
	EndGlobalSection
	GlobalSection(SolutionProperties) = preSolution
		HideSolutionNode = FALSE
	EndGlobalSection
	GlobalSection(ExtensibilityGlobals) = postSolution
		SolutionGuid = {212DA2A8-9E79-4EB3-85CC-F4C8A5B6A056}
	EndGlobalSection
EndGlobal
